
Microsoft Visual Studio Solution File, Format Version 12.00
# Visual Studio 15
VisualStudioVersion = 15.0.28307.705
MinimumVisualStudioVersion = 10.0.40219.1
Project("{FAE04EC0-301F-11D3-BF4B-00C04F79EFBC}") = "NotificationXamarin", "NotificationXamarin\NotificationXamarin.csproj", "{2EF55D65-01DE-4771-AAC0-7C788796839D}"
EndProject
Global
	GlobalSection(SolutionConfigurationPlatforms) = preSolution
		Debug|Any CPU = Debug|Any CPU
		Release|Any CPU = Release|Any CPU
	EndGlobalSection
	GlobalSection(ProjectConfigurationPlatforms) = postSolution
		{2EF55D65-01DE-4771-AAC0-7C788796839D}.Debug|Any CPU.ActiveCfg = Debug|Any CPU
		{2EF55D65-01DE-4771-AAC0-7C788796839D}.Debug|Any CPU.Build.0 = Debug|Any CPU
		{2EF55D65-01DE-4771-AAC0-7C788796839D}.Debug|Any CPU.Deploy.0 = Debug|Any CPU
		{2EF55D65-01DE-4771-AAC0-7C788796839D}.Release|Any CPU.ActiveCfg = Release|Any CPU
		{2EF55D65-01DE-4771-AAC0-7C788796839D}.Release|Any CPU.Build.0 = Release|Any CPU
		{2EF55D65-01DE-4771-AAC0-7C788796839D}.Release|Any CPU.Deploy.0 = Release|Any CPU
	EndGlobalSection
	GlobalSection(SolutionProperties) = preSolution
		HideSolutionNode = FALSE
	EndGlobalSection
	GlobalSection(ExtensibilityGlobals) = postSolution
		SolutionGuid = {22E4B7ED-6B32-4D98-81AD-EE67C4958D84}
	EndGlobalSection
EndGlobal
